
Microsoft Visual Studio Solution File, Format Version 12.00
# Visual Studio Version 17
VisualStudioVersion = 17.12.35707.178 d17.12
MinimumVisualStudioVersion = 10.0.40219.1
Project("{2150E333-8FDC-42A3-9474-1A3956D46DE8}") = "BuildingBlocks", "BuildingBlocks", "{AF74D3AF-BFEA-49B6-A516-057BF6B49E63}"
EndProject
Project("{2150E333-8FDC-42A3-9474-1A3956D46DE8}") = "src", "src", "{89BA4C9F-B1AF-49A7-A26A-8C8A82C09E6A}"
EndProject
Project("{2150E333-8FDC-42A3-9474-1A3956D46DE8}") = "Services", "Services", "{295E5B07-2D01-4F71-8C96-3374025C4839}"
EndProject
Project("{2150E333-8FDC-42A3-9474-1A3956D46DE8}") = "Shared", "Shared", "{C2F7A3C5-5267-4405-A1F3-D488272B5107}"
EndProject
Project("{FAE04EC0-301F-11D3-BF4B-00C04F79EFBC}") = "Locadora.Core", "src\BuildingBlocks\Locadora.Core\Locadora.Core.csproj", "{D309B191-F898-4EDA-B709-28B177AD12B0}"
EndProject
Project("{2150E333-8FDC-42A3-9474-1A3956D46DE8}") = "Consumer", "Consumer", "{6D04BD39-04C6-454C-8A47-89D90DC36B01}"
EndProject
Project("{2150E333-8FDC-42A3-9474-1A3956D46DE8}") = "Publisher", "Publisher", "{C438AEF5-B5AD-4C9A-84A9-A65538B6F185}"
EndProject
Project("{FAE04EC0-301F-11D3-BF4B-00C04F79EFBC}") = "Locadora.Consumer", "src\Services\Consumer\Locadora.Consumer\Locadora.Consumer.csproj", "{94E89E0E-74A2-4E56-9FCB-5981206DFDBE}"
EndProject
Project("{2150E333-8FDC-42A3-9474-1A3956D46DE8}") = "Domain", "Domain", "{1D431E94-5901-4590-8974-21A9E26AD7C7}"
EndProject
Project("{2150E333-8FDC-42A3-9474-1A3956D46DE8}") = "Application", "Application", "{F05C30B4-5DE2-4F33-A6B7-A1B62346319D}"
EndProject
Project("{2150E333-8FDC-42A3-9474-1A3956D46DE8}") = "Infrastructure", "Infrastructure", "{968CD1D6-397B-4053-A543-2B590CFB197C}"
EndProject
Project("{2150E333-8FDC-42A3-9474-1A3956D46DE8}") = "Presentation", "Presentation", "{95BBD654-7D4A-497A-AE97-FC22A334645A}"
EndProject
Project("{2150E333-8FDC-42A3-9474-1A3956D46DE8}") = "Queries", "Queries", "{3927E1E5-31D7-448E-B1B7-6E255C91335D}"
EndProject
Project("{2150E333-8FDC-42A3-9474-1A3956D46DE8}") = "Domain", "Domain", "{6A744F5D-4184-48B5-AFCE-6E83B9AB16C4}"
EndProject
Project("{2150E333-8FDC-42A3-9474-1A3956D46DE8}") = "Application", "Application", "{9F2288AB-2BEF-4A63-BCFA-43680BD18D5E}"
EndProject
Project("{2150E333-8FDC-42A3-9474-1A3956D46DE8}") = "Infrastructure", "Infrastructure", "{F511934C-1BAC-4E26-80E6-00C41496A16A}"
EndProject
Project("{FAE04EC0-301F-11D3-BF4B-00C04F79EFBC}") = "Locadora.Domain", "src\Services\Publisher\Domain\Locadora.Domain\Locadora.Domain.csproj", "{ABB86F11-7A94-463B-92FC-0A304B58C20B}"
EndProject
Project("{FAE04EC0-301F-11D3-BF4B-00C04F79EFBC}") = "Locadora.Application", "src\Services\Publisher\Application\Locadora.Application\Locadora.Application.csproj", "{DA9CADC5-2EB4-44E7-93B7-BD9D456B6E4B}"
EndProject
Project("{FAE04EC0-301F-11D3-BF4B-00C04F79EFBC}") = "Locadora.Infrastructure", "src\Services\Publisher\Insfrastructure\Locadora.Infrastructure\Locadora.Infrastructure.csproj", "{BDFC6728-4E6C-4DFF-B4FD-B879039CC6BA}"
EndProject
Project("{FAE04EC0-301F-11D3-BF4B-00C04F79EFBC}") = "Locadora.WebApi", "src\Services\Publisher\Presentation\Locadora.WebApi\Locadora.WebApi.csproj", "{583D7EB7-5198-4036-9587-636921B9D905}"
EndProject
Project("{FAE04EC0-301F-11D3-BF4B-00C04F79EFBC}") = "Locadora.Query.Application", "src\Shared\Queries\Application\Locadora.Query.Application\Locadora.Query.Application.csproj", "{896C18EB-34A9-4118-9824-EFEDA6655660}"
EndProject
Project("{FAE04EC0-301F-11D3-BF4B-00C04F79EFBC}") = "Locadora.Query.Domain", "src\Shared\Queries\Domain\Locadora.Query.Domain\Locadora.Query.Domain.csproj", "{954C9063-15DA-48DA-B0CD-ECA64BB70589}"
EndProject
Project("{FAE04EC0-301F-11D3-BF4B-00C04F79EFBC}") = "Locadora.Query.Infrastructure", "src\Shared\Queries\Infrastructure\Locadora.Query.Infrastructure\Locadora.Query.Infrastructure.csproj", "{E4B2DDFA-7FCD-4263-9767-EFB2CB763804}"
EndProject
Global
	GlobalSection(SolutionConfigurationPlatforms) = preSolution
		Debug|Any CPU = Debug|Any CPU
		Release|Any CPU = Release|Any CPU
	EndGlobalSection
	GlobalSection(ProjectConfigurationPlatforms) = postSolution
		{D309B191-F898-4EDA-B709-28B177AD12B0}.Debug|Any CPU.ActiveCfg = Debug|Any CPU
		{D309B191-F898-4EDA-B709-28B177AD12B0}.Debug|Any CPU.Build.0 = Debug|Any CPU
		{D309B191-F898-4EDA-B709-28B177AD12B0}.Release|Any CPU.ActiveCfg = Release|Any CPU
		{D309B191-F898-4EDA-B709-28B177AD12B0}.Release|Any CPU.Build.0 = Release|Any CPU
		{94E89E0E-74A2-4E56-9FCB-5981206DFDBE}.Debug|Any CPU.ActiveCfg = Debug|Any CPU
		{94E89E0E-74A2-4E56-9FCB-5981206DFDBE}.Debug|Any CPU.Build.0 = Debug|Any CPU
		{94E89E0E-74A2-4E56-9FCB-5981206DFDBE}.Release|Any CPU.ActiveCfg = Release|Any CPU
		{94E89E0E-74A2-4E56-9FCB-5981206DFDBE}.Release|Any CPU.Build.0 = Release|Any CPU
		{ABB86F11-7A94-463B-92FC-0A304B58C20B}.Debug|Any CPU.ActiveCfg = Debug|Any CPU
		{ABB86F11-7A94-463B-92FC-0A304B58C20B}.Debug|Any CPU.Build.0 = Debug|Any CPU
		{ABB86F11-7A94-463B-92FC-0A304B58C20B}.Release|Any CPU.ActiveCfg = Release|Any CPU
		{ABB86F11-7A94-463B-92FC-0A304B58C20B}.Release|Any CPU.Build.0 = Release|Any CPU
		{DA9CADC5-2EB4-44E7-93B7-BD9D456B6E4B}.Debug|Any CPU.ActiveCfg = Debug|Any CPU
		{DA9CADC5-2EB4-44E7-93B7-BD9D456B6E4B}.Debug|Any CPU.Build.0 = Debug|Any CPU
		{DA9CADC5-2EB4-44E7-93B7-BD9D456B6E4B}.Release|Any CPU.ActiveCfg = Release|Any CPU
		{DA9CADC5-2EB4-44E7-93B7-BD9D456B6E4B}.Release|Any CPU.Build.0 = Release|Any CPU
		{BDFC6728-4E6C-4DFF-B4FD-B879039CC6BA}.Debug|Any CPU.ActiveCfg = Debug|Any CPU
		{BDFC6728-4E6C-4DFF-B4FD-B879039CC6BA}.Debug|Any CPU.Build.0 = Debug|Any CPU
		{BDFC6728-4E6C-4DFF-B4FD-B879039CC6BA}.Release|Any CPU.ActiveCfg = Release|Any CPU
		{BDFC6728-4E6C-4DFF-B4FD-B879039CC6BA}.Release|Any CPU.Build.0 = Release|Any CPU
		{583D7EB7-5198-4036-9587-636921B9D905}.Debug|Any CPU.ActiveCfg = Debug|Any CPU
		{583D7EB7-5198-4036-9587-636921B9D905}.Debug|Any CPU.Build.0 = Debug|Any CPU
		{583D7EB7-5198-4036-9587-636921B9D905}.Release|Any CPU.ActiveCfg = Release|Any CPU
		{583D7EB7-5198-4036-9587-636921B9D905}.Release|Any CPU.Build.0 = Release|Any CPU
		{896C18EB-34A9-4118-9824-EFEDA6655660}.Debug|Any CPU.ActiveCfg = Debug|Any CPU
		{896C18EB-34A9-4118-9824-EFEDA6655660}.Debug|Any CPU.Build.0 = Debug|Any CPU
		{896C18EB-34A9-4118-9824-EFEDA6655660}.Release|Any CPU.ActiveCfg = Release|Any CPU
		{896C18EB-34A9-4118-9824-EFEDA6655660}.Release|Any CPU.Build.0 = Release|Any CPU
		{954C9063-15DA-48DA-B0CD-ECA64BB70589}.Debug|Any CPU.ActiveCfg = Debug|Any CPU
		{954C9063-15DA-48DA-B0CD-ECA64BB70589}.Debug|Any CPU.Build.0 = Debug|Any CPU
		{954C9063-15DA-48DA-B0CD-ECA64BB70589}.Release|Any CPU.ActiveCfg = Release|Any CPU
		{954C9063-15DA-48DA-B0CD-ECA64BB70589}.Release|Any CPU.Build.0 = Release|Any CPU
		{E4B2DDFA-7FCD-4263-9767-EFB2CB763804}.Debug|Any CPU.ActiveCfg = Debug|Any CPU
		{E4B2DDFA-7FCD-4263-9767-EFB2CB763804}.Debug|Any CPU.Build.0 = Debug|Any CPU
		{E4B2DDFA-7FCD-4263-9767-EFB2CB763804}.Release|Any CPU.ActiveCfg = Release|Any CPU
		{E4B2DDFA-7FCD-4263-9767-EFB2CB763804}.Release|Any CPU.Build.0 = Release|Any CPU
	EndGlobalSection
	GlobalSection(SolutionProperties) = preSolution
		HideSolutionNode = FALSE
	EndGlobalSection
	GlobalSection(NestedProjects) = preSolution
		{AF74D3AF-BFEA-49B6-A516-057BF6B49E63} = {89BA4C9F-B1AF-49A7-A26A-8C8A82C09E6A}
		{295E5B07-2D01-4F71-8C96-3374025C4839} = {89BA4C9F-B1AF-49A7-A26A-8C8A82C09E6A}
		{C2F7A3C5-5267-4405-A1F3-D488272B5107} = {89BA4C9F-B1AF-49A7-A26A-8C8A82C09E6A}
		{D309B191-F898-4EDA-B709-28B177AD12B0} = {AF74D3AF-BFEA-49B6-A516-057BF6B49E63}
		{6D04BD39-04C6-454C-8A47-89D90DC36B01} = {295E5B07-2D01-4F71-8C96-3374025C4839}
		{C438AEF5-B5AD-4C9A-84A9-A65538B6F185} = {295E5B07-2D01-4F71-8C96-3374025C4839}
		{94E89E0E-74A2-4E56-9FCB-5981206DFDBE} = {6D04BD39-04C6-454C-8A47-89D90DC36B01}
		{1D431E94-5901-4590-8974-21A9E26AD7C7} = {C438AEF5-B5AD-4C9A-84A9-A65538B6F185}
		{F05C30B4-5DE2-4F33-A6B7-A1B62346319D} = {C438AEF5-B5AD-4C9A-84A9-A65538B6F185}
		{968CD1D6-397B-4053-A543-2B590CFB197C} = {C438AEF5-B5AD-4C9A-84A9-A65538B6F185}
		{95BBD654-7D4A-497A-AE97-FC22A334645A} = {C438AEF5-B5AD-4C9A-84A9-A65538B6F185}
		{3927E1E5-31D7-448E-B1B7-6E255C91335D} = {C2F7A3C5-5267-4405-A1F3-D488272B5107}
		{6A744F5D-4184-48B5-AFCE-6E83B9AB16C4} = {3927E1E5-31D7-448E-B1B7-6E255C91335D}
		{9F2288AB-2BEF-4A63-BCFA-43680BD18D5E} = {3927E1E5-31D7-448E-B1B7-6E255C91335D}
		{F511934C-1BAC-4E26-80E6-00C41496A16A} = {3927E1E5-31D7-448E-B1B7-6E255C91335D}
		{ABB86F11-7A94-463B-92FC-0A304B58C20B} = {1D431E94-5901-4590-8974-21A9E26AD7C7}
		{DA9CADC5-2EB4-44E7-93B7-BD9D456B6E4B} = {F05C30B4-5DE2-4F33-A6B7-A1B62346319D}
		{BDFC6728-4E6C-4DFF-B4FD-B879039CC6BA} = {968CD1D6-397B-4053-A543-2B590CFB197C}
		{583D7EB7-5198-4036-9587-636921B9D905} = {95BBD654-7D4A-497A-AE97-FC22A334645A}
		{896C18EB-34A9-4118-9824-EFEDA6655660} = {9F2288AB-2BEF-4A63-BCFA-43680BD18D5E}
		{954C9063-15DA-48DA-B0CD-ECA64BB70589} = {6A744F5D-4184-48B5-AFCE-6E83B9AB16C4}
		{E4B2DDFA-7FCD-4263-9767-EFB2CB763804} = {F511934C-1BAC-4E26-80E6-00C41496A16A}
	EndGlobalSection
EndGlobal
